PODS:
  - Capacitor (8.0.0):
    - CapacitorCordova
  - CapacitorApp (8.0.0):
    - Capacitor
  - CapacitorBrowser (8.0.0):
    - Capacitor
  - CapacitorCommunityInAppReview (8.0.0):
    - Capacitor
  - CapacitorCordova (8.0.0)
  - CapacitorKeyboard (8.0.0):
    - Capacitor
  - CapacitorSecureStoragePlugin (0.13.0):
    - Capacitor
    - SwiftKeychainWrapper
  - CapacitorShare (8.0.0):
    - Capacitor
  - CapacitorStatusBar (8.0.0):
    - Capacitor
  - PurchasesHybridCommon (17.26.1):
    - RevenueCat (= 5.52.1)
  - RevenueCat (5.52.1)
  - RevenuecatPurchasesCapacitor (12.0.2):
    - Capacitor
    - PurchasesHybridCommon (= 17.26.1)
  - SwiftKeychainWrapper (4.0.1)

DEPENDENCIES:
  - "Capacitor (from `../../../../node_modules/.pnpm/@capacitor+ios@8.0.0_@capacitor+core@8.0.0/node_modules/@capacitor/ios`)"
  - "CapacitorApp (from `../../../../node_modules/.pnpm/@capacitor+app@8.0.0_@capacitor+core@8.0.0/node_modules/@capacitor/app`)"
  - "CapacitorBrowser (from `../../../../node_modules/.pnpm/@capacitor+browser@8.0.0_@capacitor+core@8.0.0/node_modules/@capacitor/browser`)"
  - "CapacitorCommunityInAppReview (from `../../../../node_modules/.pnpm/@capacitor-community+in-app-review@8.0.0_@capacitor+core@8.0.0/node_modules/@capacitor-community/in-app-review`)"
  - "CapacitorCordova (from `../../../../node_modules/.pnpm/@capacitor+ios@8.0.0_@capacitor+core@8.0.0/node_modules/@capacitor/ios`)"
  - "CapacitorKeyboard (from `../../../../node_modules/.pnpm/@capacitor+keyboard@8.0.0_@capacitor+core@8.0.0/node_modules/@capacitor/keyboard`)"
  - "CapacitorSecureStoragePlugin (from `../../../../node_modules/.pnpm/capacitor-secure-storage-plugin@0.13.0_@capacitor+core@8.0.0/node_modules/capacitor-secure-storage-plugin`)"
  - "CapacitorShare (from `../../../../node_modules/.pnpm/@capacitor+share@8.0.0_@capacitor+core@8.0.0/node_modules/@capacitor/share`)"
  - "CapacitorStatusBar (from `../../../../node_modules/.pnpm/@capacitor+status-bar@8.0.0_@capacitor+core@8.0.0/node_modules/@capacitor/status-bar`)"
  - "RevenuecatPurchasesCapacitor (from `../../../../node_modules/.pnpm/@revenuecat+purchases-capacitor@12.0.2_@capacitor+core@8.0.0/node_modules/@revenuecat/purchases-capacitor`)"

SPEC REPOS:
  trunk:
    - PurchasesHybridCommon
    - RevenueCat
    - SwiftKeychainWrapper

EXTERNAL SOURCES:
  Capacitor:
    :path: "../../../../node_modules/.pnpm/@capacitor+ios@8.0.0_@capacitor+core@8.0.0/node_modules/@capacitor/ios"
  CapacitorApp:
    :path: "../../../../node_modules/.pnpm/@capacitor+app@8.0.0_@capacitor+core@8.0.0/node_modules/@capacitor/app"
  CapacitorBrowser:
    :path: "../../../../node_modules/.pnpm/@capacitor+browser@8.0.0_@capacitor+core@8.0.0/node_modules/@capacitor/browser"
  CapacitorCommunityInAppReview:
    :path: "../../../../node_modules/.pnpm/@capacitor-community+in-app-review@8.0.0_@capacitor+core@8.0.0/node_modules/@capacitor-community/in-app-review"
  CapacitorCordova:
    :path: "../../../../node_modules/.pnpm/@capacitor+ios@8.0.0_@capacitor+core@8.0.0/node_modules/@capacitor/ios"
  CapacitorKeyboard:
    :path: "../../../../node_modules/.pnpm/@capacitor+keyboard@8.0.0_@capacitor+core@8.0.0/node_modules/@capacitor/keyboard"
  CapacitorSecureStoragePlugin:
    :path: "../../../../node_modules/.pnpm/capacitor-secure-storage-plugin@0.13.0_@capacitor+core@8.0.0/node_modules/capacitor-secure-storage-plugin"
  CapacitorShare:
    :path: "../../../../node_modules/.pnpm/@capacitor+share@8.0.0_@capacitor+core@8.0.0/node_modules/@capacitor/share"
  CapacitorStatusBar:
    :path: "../../../../node_modules/.pnpm/@capacitor+status-bar@8.0.0_@capacitor+core@8.0.0/node_modules/@capacitor/status-bar"
  RevenuecatPurchasesCapacitor:
    :path: "../../../../node_modules/.pnpm/@revenuecat+purchases-capacitor@12.0.2_@capacitor+core@8.0.0/node_modules/@revenuecat/purchases-capacitor"

SPEC CHECKSUMS:
  Capacitor: 341ff7cf652ec695d1a8ebf604db448ac7b6d635
  CapacitorApp: 3963a84197280757b84f126afd1520a85ae3b092
  CapacitorBrowser: b7d7f05f840fe042e46f6528bb8db853e3058fb2
  CapacitorCommunityInAppReview: 4492bdd34aad4d27ed87949376022cc93b294ea1
  CapacitorCordova: 5dc3912d25ef770a3fe0f431bb65c9fbfa2e92f9
  CapacitorKeyboard: d7868c079a4d5277a3deca27a10a488fcbbb8b69
  CapacitorSecureStoragePlugin: d083ff28d9ba5bc74924b9bcf9754ea605016b63
  CapacitorShare: 12f1d192170cbcf9f108fd675ac8e343761a4638
  CapacitorStatusBar: 312e2e67928dfe9514c4a8916a1fd610552f5f35
  PurchasesHybridCommon: a0923adc952779f2174ff699bfdf275f4af13aa5
  RevenueCat: c3d07077a0cc70b7c90a5a6072d60f9905d2dbc0
  RevenuecatPurchasesCapacitor: 29b929cec112f7327e25feb6a3178f8c89dc6978
  SwiftKeychainWrapper: 807ba1d63c33a7d0613288512399cd1eda1e470c

PODFILE CHECKSUM: fb47de461501e1769a8c542302ae67aafa3ff5d2

COCOAPODS: 1.16.2
